{
  "name": "vigour_package",
  "version": "1.0.0",
  "lockfileVersion": 1,
  "requires": true,
  "dependencies": {
    "@vant/weapp": {
      "version": "1.7.2",
      "resolved": "https://registry.npmjs.org/@vant/weapp/-/weapp-1.7.2.tgz",
      "integrity": "sha512-hI5tCJuzi1xDVpX8oP1GCBwpGHiu1+jA+9rMVggFwpF/6W6itk3Oggt3tT1nhN1WumcCwafnluBnqooOExFdDA=="
    },
    "wux-weapp": {
      "version": "3.8.8",
      "resolved": "https://registry.npmjs.org/wux-weapp/-/wux-weapp-3.8.8.tgz",
      "integrity": "sha512-11wgCSBQ6VM4kJnG7HI7QmSW++S1QTn8JBCkam3Ua9WIx/UcIMSLpIjkQ97oD5HsfjK34Mdy7sFjp+fHBSn0PA=="
    }
  }
}
